
Microsoft Visual Studio Solution File, Format Version 12.00
# Visual Studio Version 17
VisualStudioVersion = 17.13.35919.96 d17.13
MinimumVisualStudioVersion = 10.0.40219.1
Project("{FAE04EC0-301F-11D3-BF4B-00C04F79EFBC}") = "BlazorGitHubPages", "BlazorGitHubPages\BlazorGitHubPages.csproj", "{94E90034-9784-4232-82FC-6FBF48A73B6B}"
EndProject
Global
	GlobalSection(SolutionConfigurationPlatforms) = preSolution
		Debug|Any CPU = Debug|Any CPU
		Release|Any CPU = Release|Any CPU
	EndGlobalSection
	GlobalSection(ProjectConfigurationPlatforms) = postSolution
		{94E90034-9784-4232-82FC-6FBF48A73B6B}.Debug|Any CPU.ActiveCfg = Debug|Any CPU
		{94E90034-9784-4232-82FC-6FBF48A73B6B}.Debug|Any CPU.Build.0 = Debug|Any CPU
		{94E90034-9784-4232-82FC-6FBF48A73B6B}.Release|Any CPU.ActiveCfg = Release|Any CPU
		{94E90034-9784-4232-82FC-6FBF48A73B6B}.Release|Any CPU.Build.0 = Release|Any CPU
	EndGlobalSection
	GlobalSection(SolutionProperties) = preSolution
		HideSolutionNode = FALSE
	EndGlobalSection
	GlobalSection(ExtensibilityGlobals) = postSolution
		SolutionGuid = {F3D3F8ED-B6F8-4EEB-8880-8437FA489DD7}
	EndGlobalSection
EndGlobal
